// !$*UTF8*$!
{
	archiveVersion = 1;
	classes = {
	};
	objectVersion = 56;
	objects = {

/* Begin PBXBuildFile section */
		0774CFCD2C433C7A00AFE3C9 /* Lift_CompanionApp.swift in Sources */ = {isa = PBXBuildFile; fileRef = 0774CFCC2C433C7A00AFE3C9 /* Lift_CompanionApp.swift */; };
		0774CFCF2C433C7A00AFE3C9 /* ContentView.swift in Sources */ = {isa = PBXBuildFile; fileRef = 0774CFCE2C433C7A00AFE3C9 /* ContentView.swift */; };
		0774CFD12C433C7B00AFE3C9 /* Assets.xcassets in Resources */ = {isa = PBXBuildFile; fileRef = 0774CFD02C433C7B00AFE3C9 /* Assets.xcassets */; };
		0774CFD42C433C7B00AFE3C9 /* Preview Assets.xcassets in Resources */ = {isa = PBXBuildFile; fileRef = 0774CFD32C433C7B00AFE3C9 /* Preview Assets.xcassets */; };
		0774CFDE2C444DA300AFE3C9 /* IntroView.swift in Sources */ = {isa = PBXBuildFile; fileRef = 0774CFDD2C444DA300AFE3C9 /* IntroView.swift */; };
		0774CFE12C444EB600AFE3C9 /* Constants.swift in Sources */ = {isa = PBXBuildFile; fileRef = 0774CFE02C444EB600AFE3C9 /* Constants.swift */; };
		0774CFE32C445C0200AFE3C9 /* Tab.swift in Sources */ = {isa = PBXBuildFile; fileRef = 0774CFE22C445C0200AFE3C9 /* Tab.swift */; };
		0774CFE52C44607400AFE3C9 /* Exercise.swift in Sources */ = {isa = PBXBuildFile; fileRef = 0774CFE42C44607400AFE3C9 /* Exercise.swift */; };
		0774CFE72C44611000AFE3C9 /* Log.swift in Sources */ = {isa = PBXBuildFile; fileRef = 0774CFE62C44611000AFE3C9 /* Log.swift */; };
		0774CFEA2C44621600AFE3C9 /* Lifts.swift in Sources */ = {isa = PBXBuildFile; fileRef = 0774CFE92C44621600AFE3C9 /* Lifts.swift */; };
		0774CFEC2C44622900AFE3C9 /* Trends.swift in Sources */ = {isa = PBXBuildFile; fileRef = 0774CFEB2C44622900AFE3C9 /* Trends.swift */; };
		0774CFEE2C44623400AFE3C9 /* Profile.swift in Sources */ = {isa = PBXBuildFile; fileRef = 0774CFED2C44623400AFE3C9 /* Profile.swift */; };
		0774CFF32C44647700AFE3C9 /* View+Extensions.swift in Sources */ = {isa = PBXBuildFile; fileRef = 0774CFF22C44647700AFE3C9 /* View+Extensions.swift */; };
		0774CFF52C4498D600AFE3C9 /* Date+Extensions.swift in Sources */ = {isa = PBXBuildFile; fileRef = 0774CFF42C4498D600AFE3C9 /* Date+Extensions.swift */; };
		07B537802C4C573D000F708A /* LogView.swift in Sources */ = {isa = PBXBuildFile; fileRef = 07B5377F2C4C573D000F708A /* LogView.swift */; };
		07B537822C4C5DE2000F708A /* SwipeAction.swift in Sources */ = {isa = PBXBuildFile; fileRef = 07B537812C4C5DE1000F708A /* SwipeAction.swift */; };
/* End PBXBuildFile section */

/* Begin PBXFileReference section */
		0774CFC92C433C7A00AFE3C9 /* Lift Companion.app */ = {isa = PBXFileReference; explicitFileType = wrapper.application; includeInIndex = 0; path = "Lift Companion.app"; sourceTree = BUILT_PRODUCTS_DIR; };
		0774CFCC2C433C7A00AFE3C9 /* Lift_CompanionApp.swift */ = {isa = PBXFileReference; lastKnownFileType = sourcecode.swift; path = Lift_CompanionApp.swift; sourceTree = "<group>"; };
		0774CFCE2C433C7A00AFE3C9 /* ContentView.swift */ = {isa = PBXFileReference; lastKnownFileType = sourcecode.swift; path = ContentView.swift; sourceTree = "<group>"; };
		0774CFD02C433C7B00AFE3C9 /* Assets.xcassets */ = {isa = PBXFileReference; lastKnownFileType = folder.assetcatalog; path = Assets.xcassets; sourceTree = "<group>"; };
		0774CFD32C433C7B00AFE3C9 /* Preview Assets.xcassets */ = {isa = PBXFileReference; lastKnownFileType = folder.assetcatalog; path = "Preview Assets.xcassets"; sourceTree = "<group>"; };
		0774CFDD2C444DA300AFE3C9 /* IntroView.swift */ = {isa = PBXFileReference; lastKnownFileType = sourcecode.swift; path = IntroView.swift; sourceTree = "<group>"; };
		0774CFE02C444EB600AFE3C9 /* Constants.swift */ = {isa = PBXFileReference; lastKnownFileType = sourcecode.swift; path = Constants.swift; sourceTree = "<group>"; };
		0774CFE22C445C0200AFE3C9 /* Tab.swift */ = {isa = PBXFileReference; lastKnownFileType = sourcecode.swift; path = Tab.swift; sourceTree = "<group>"; };
		0774CFE42C44607400AFE3C9 /* Exercise.swift */ = {isa = PBXFileReference; lastKnownFileType = sourcecode.swift; path = Exercise.swift; sourceTree = "<group>"; };
		0774CFE62C44611000AFE3C9 /* Log.swift */ = {isa = PBXFileReference; lastKnownFileType = sourcecode.swift; path = Log.swift; sourceTree = "<group>"; };
		0774CFE92C44621600AFE3C9 /* Lifts.swift */ = {isa = PBXFileReference; lastKnownFileType = sourcecode.swift; path = Lifts.swift; sourceTree = "<group>"; };
		0774CFEB2C44622900AFE3C9 /* Trends.swift */ = {isa = PBXFileReference; lastKnownFileType = sourcecode.swift; path = Trends.swift; sourceTree = "<group>"; };
		0774CFED2C44623400AFE3C9 /* Profile.swift */ = {isa = PBXFileReference; lastKnownFileType = sourcecode.swift; path = Profile.swift; sourceTree = "<group>"; };
		0774CFF22C44647700AFE3C9 /* View+Extensions.swift */ = {isa = PBXFileReference; lastKnownFileType = sourcecode.swift; path = "View+Extensions.swift"; sourceTree = "<group>"; };
		0774CFF42C4498D600AFE3C9 /* Date+Extensions.swift */ = {isa = PBXFileReference; lastKnownFileType = sourcecode.swift; path = "Date+Extensions.swift"; sourceTree = "<group>"; };
		07B5377F2C4C573D000F708A /* LogView.swift */ = {isa = PBXFileReference; lastKnownFileType = sourcecode.swift; path = LogView.swift; sourceTree = "<group>"; };
		07B537812C4C5DE1000F708A /* SwipeAction.swift */ = {isa = PBXFileReference; lastKnownFileType = sourcecode.swift; path = SwipeAction.swift; sourceTree = "<group>"; };
/* End PBXFileReference section */

/* Begin PBXFrameworksBuildPhase section */
		0774CFC62C433C7A00AFE3C9 /* Frameworks */ = {
			isa = PBXFrameworksBuildPhase;
			buildActionMask = 2147483647;
			files = (
			);
			runOnlyForDeploymentPostprocessing = 0;
		};
/* End PBXFrameworksBuildPhase section */

/* Begin PBXGroup section */
		0774CFC02C433C7A00AFE3C9 = {
			isa = PBXGroup;
			children = (
				0774CFCB2C433C7A00AFE3C9 /* Lift Companion */,
				0774CFCA2C433C7A00AFE3C9 /* Products */,
			);
			sourceTree = "<group>";
		};
		0774CFCA2C433C7A00AFE3C9 /* Products */ = {
			isa = PBXGroup;
			children = (
				0774CFC92C433C7A00AFE3C9 /* Lift Companion.app */,
			);
			name = Products;
			sourceTree = "<group>";
		};
		0774CFCB2C433C7A00AFE3C9 /* Lift Companion */ = {
			isa = PBXGroup;
			children = (
				0774CFF12C44646600AFE3C9 /* Extensions */,
				0774CFDF2C444E9F00AFE3C9 /* Helpers */,
				0774CFDC2C4376DF00AFE3C9 /* ViewModels */,
				0774CFDB2C4376D300AFE3C9 /* Models */,
				0774CFDA2C4376CC00AFE3C9 /* Views */,
				0774CFCC2C433C7A00AFE3C9 /* Lift_CompanionApp.swift */,
				0774CFCE2C433C7A00AFE3C9 /* ContentView.swift */,
				0774CFD02C433C7B00AFE3C9 /* Assets.xcassets */,
				0774CFD22C433C7B00AFE3C9 /* Preview Content */,
			);
			path = "Lift Companion";
			sourceTree = "<group>";
		};
		0774CFD22C433C7B00AFE3C9 /* Preview Content */ = {
			isa = PBXGroup;
			children = (
				0774CFD32C433C7B00AFE3C9 /* Preview Assets.xcassets */,
			);
			path = "Preview Content";
			sourceTree = "<group>";
		};
		0774CFDA2C4376CC00AFE3C9 /* Views */ = {
			isa = PBXGroup;
			children = (
				07B5377E2C4C5072000F708A /* Helpers */,
				0774CFE82C44620400AFE3C9 /* TabViews */,
				0774CFDD2C444DA300AFE3C9 /* IntroView.swift */,
			);
			path = Views;
			sourceTree = "<group>";
		};
		0774CFDB2C4376D300AFE3C9 /* Models */ = {
			isa = PBXGroup;
			children = (
				0774CFE22C445C0200AFE3C9 /* Tab.swift */,
				0774CFE42C44607400AFE3C9 /* Exercise.swift */,
				0774CFE62C44611000AFE3C9 /* Log.swift */,
			);
			path = Models;
			sourceTree = "<group>";
		};
		0774CFDC2C4376DF00AFE3C9 /* ViewModels */ = {
			isa = PBXGroup;
			children = (
			);
			path = ViewModels;
			sourceTree = "<group>";
		};
		0774CFDF2C444E9F00AFE3C9 /* Helpers */ = {
			isa = PBXGroup;
			children = (
				0774CFE02C444EB600AFE3C9 /* Constants.swift */,
			);
			path = Helpers;
			sourceTree = "<group>";
		};
		0774CFE82C44620400AFE3C9 /* TabViews */ = {
			isa = PBXGroup;
			children = (
				0774CFE92C44621600AFE3C9 /* Lifts.swift */,
				0774CFEB2C44622900AFE3C9 /* Trends.swift */,
				0774CFED2C44623400AFE3C9 /* Profile.swift */,
			);
			path = TabViews;
			sourceTree = "<group>";
		};
		0774CFF12C44646600AFE3C9 /* Extensions */ = {
			isa = PBXGroup;
			children = (
				0774CFF22C44647700AFE3C9 /* View+Extensions.swift */,
				0774CFF42C4498D600AFE3C9 /* Date+Extensions.swift */,
			);
			path = Extensions;
			sourceTree = "<group>";
		};
		07B5377E2C4C5072000F708A /* Helpers */ = {
			isa = PBXGroup;
			children = (
				07B5377F2C4C573D000F708A /* LogView.swift */,
				07B537812C4C5DE1000F708A /* SwipeAction.swift */,
			);
			path = Helpers;
			sourceTree = "<group>";
		};
/* End PBXGroup section */

/* Begin PBXNativeTarget section */
		0774CFC82C433C7A00AFE3C9 /* Lift Companion */ = {
			isa = PBXNativeTarget;
			buildConfigurationList = 0774CFD72C433C7B00AFE3C9 /* Build configuration list for PBXNativeTarget "Lift Companion" */;
			buildPhases = (
				0774CFC52C433C7A00AFE3C9 /* Sources */,
				0774CFC62C433C7A00AFE3C9 /* Frameworks */,
				0774CFC72C433C7A00AFE3C9 /* Resources */,
			);
			buildRules = (
			);
			dependencies = (
			);
			name = "Lift Companion";
			productName = "Lift Companion";
			productReference = 0774CFC92C433C7A00AFE3C9 /* Lift Companion.app */;
			productType = "com.apple.product-type.application";
		};
/* End PBXNativeTarget section */

/* Begin PBXProject section */
		0774CFC12C433C7A00AFE3C9 /* Project object */ = {
			isa = PBXProject;
			attributes = {
				BuildIndependentTargetsInParallel = 1;
				LastSwiftUpdateCheck = 1530;
				LastUpgradeCheck = 1530;
				TargetAttributes = {
					0774CFC82C433C7A00AFE3C9 = {
						CreatedOnToolsVersion = 15.3;
					};
				};
			};
			buildConfigurationList = 0774CFC42C433C7A00AFE3C9 /* Build configuration list for PBXProject "Lift Companion" */;
			compatibilityVersion = "Xcode 14.0";
			developmentRegion = en;
			hasScannedForEncodings = 0;
			knownRegions = (
				en,
				Base,
			);
			mainGroup = 0774CFC02C433C7A00AFE3C9;
			productRefGroup = 0774CFCA2C433C7A00AFE3C9 /* Products */;
			projectDirPath = "";
			projectRoot = "";
			targets = (
				0774CFC82C433C7A00AFE3C9 /* Lift Companion */,
			);
		};
/* End PBXProject section */

/* Begin PBXResourcesBuildPhase section */
		0774CFC72C433C7A00AFE3C9 /* Resources */ = {
			isa = PBXResourcesBuildPhase;
			buildActionMask = 2147483647;
			files = (
				0774CFD42C433C7B00AFE3C9 /* Preview Assets.xcassets in Resources */,
				0774CFD12C433C7B00AFE3C9 /* Assets.xcassets in Resources */,
			);
			runOnlyForDeploymentPostprocessing = 0;
		};
/* End PBXResourcesBuildPhase section */

/* Begin PBXSourcesBuildPhase section */
		0774CFC52C433C7A00AFE3C9 /* Sources */ = {
			isa = PBXSourcesBuildPhase;
			buildActionMask = 2147483647;
			files = (
				0774CFEC2C44622900AFE3C9 /* Trends.swift in Sources */,
				0774CFEE2C44623400AFE3C9 /* Profile.swift in Sources */,
				0774CFEA2C44621600AFE3C9 /* Lifts.swift in Sources */,
				0774CFCF2C433C7A00AFE3C9 /* ContentView.swift in Sources */,
				0774CFE72C44611000AFE3C9 /* Log.swift in Sources */,
				0774CFF52C4498D600AFE3C9 /* Date+Extensions.swift in Sources */,
				07B537822C4C5DE2000F708A /* SwipeAction.swift in Sources */,
				0774CFCD2C433C7A00AFE3C9 /* Lift_CompanionApp.swift in Sources */,
				07B537802C4C573D000F708A /* LogView.swift in Sources */,
				0774CFE32C445C0200AFE3C9 /* Tab.swift in Sources */,
				0774CFF32C44647700AFE3C9 /* View+Extensions.swift in Sources */,
				0774CFDE2C444DA300AFE3C9 /* IntroView.swift in Sources */,
				0774CFE12C444EB600AFE3C9 /* Constants.swift in Sources */,
				0774CFE52C44607400AFE3C9 /* Exercise.swift in Sources */,
			);
			runOnlyForDeploymentPostprocessing = 0;
		};
/* End PBXSourcesBuildPhase section */

/* Begin XCBuildConfiguration section */
		0774CFD52C433C7B00AFE3C9 /* Debug */ = {
			isa = XCBuildConfiguration;
			buildSettings = {
				ALWAYS_SEARCH_USER_PATHS = NO;
				ASSETCATALOG_COMPILER_GENERATE_SWIFT_ASSET_SYMBOL_EXTENSIONS = YES;
				CLANG_ANALYZER_NONNULL = YES;
				CLANG_ANALYZER_NUMBER_OBJECT_CONVERSION = YES_AGGRESSIVE;
				CLANG_CXX_LANGUAGE_STANDARD = "gnu++20";
				CLANG_ENABLE_MODULES = YES;
				CLANG_ENABLE_OBJC_ARC = YES;
				CLANG_ENABLE_OBJC_WEAK = YES;
				CLANG_WARN_BLOCK_CAPTURE_AUTORELEASING = YES;
				CLANG_WARN_BOOL_CONVERSION = YES;
				CLANG_WARN_COMMA = YES;
				CLANG_WARN_CONSTANT_CONVERSION = YES;
				CLANG_WARN_DEPRECATED_OBJC_IMPLEMENTATIONS = YES;
				CLANG_WARN_DIRECT_OBJC_ISA_USAGE = YES_ERROR;
				CLANG_WARN_DOCUMENTATION_COMMENTS = YES;
				CLANG_WARN_EMPTY_BODY = YES;
				CLANG_WARN_ENUM_CONVERSION = YES;
				CLANG_WARN_INFINITE_RECURSION = YES;
				CLANG_WARN_INT_CONVERSION = YES;
				CLANG_WARN_NON_LITERAL_NULL_CONVERSION = YES;
				CLANG_WARN_OBJC_IMPLICIT_RETAIN_SELF = YES;
				CLANG_WARN_OBJC_LITERAL_CONVERSION = YES;
				CLANG_WARN_OBJC_ROOT_CLASS = YES_ERROR;
				CLANG_WARN_QUOTED_INCLUDE_IN_FRAMEWORK_HEADER = YES;
				CLANG_WARN_RANGE_LOOP_ANALYSIS = YES;
				CLANG_WARN_STRICT_PROTOTYPES = YES;
				CLANG_WARN_SUSPICIOUS_MOVE = YES;
				CLANG_WARN_UNGUARDED_AVAILABILITY = YES_AGGRESSIVE;
				CLANG_WARN_UNREACHABLE_CODE = YES;
				CLANG_WARN__DUPLICATE_METHOD_MATCH = YES;
				COPY_PHASE_STRIP = NO;
				DEBUG_INFORMATION_FORMAT = dwarf;
				ENABLE_STRICT_OBJC_MSGSEND = YES;
				ENABLE_TESTABILITY = YES;
				ENABLE_USER_SCRIPT_SANDBOXING = YES;
				GCC_C_LANGUAGE_STANDARD = gnu17;
				GCC_DYNAMIC_NO_PIC = NO;
				GCC_NO_COMMON_BLOCKS = YES;
				GCC_OPTIMIZATION_LEVEL = 0;
				GCC_PREPROCESSOR_DEFINITIONS = (
					"DEBUG=1",
					"$(inherited)",
				);
				GCC_WARN_64_TO_32_BIT_CONVERSION = YES;
				GCC_WARN_ABOUT_RETURN_TYPE = YES_ERROR;
				GCC_WARN_UNDECLARED_SELECTOR = YES;
				GCC_WARN_UNINITIALIZED_AUTOS = YES_AGGRESSIVE;
				GCC_WARN_UNUSED_FUNCTION = YES;
				GCC_WARN_UNUSED_VARIABLE = YES;
				IPHONEOS_DEPLOYMENT_TARGET = 17.4;
				LOCALIZATION_PREFERS_STRING_CATALOGS = YES;
				MTL_ENABLE_DEBUG_INFO = INCLUDE_SOURCE;
				MTL_FAST_MATH = YES;
				ONLY_ACTIVE_ARCH = YES;
				SDKROOT = iphoneos;
				SWIFT_ACTIVE_COMPILATION_CONDITIONS = "DEBUG $(inherited)";
				SWIFT_OPTIMIZATION_LEVEL = "-Onone";
			};
			name = Debug;
		};
		0774CFD62C433C7B00AFE3C9 /* Release */ = {
			isa = XCBuildConfiguration;
			buildSettings = {
				ALWAYS_SEARCH_USER_PATHS = NO;
				ASSETCATALOG_COMPILER_GENERATE_SWIFT_ASSET_SYMBOL_EXTENSIONS = YES;
				CLANG_ANALYZER_NONNULL = YES;
				CLANG_ANALYZER_NUMBER_OBJECT_CONVERSION = YES_AGGRESSIVE;
				CLANG_CXX_LANGUAGE_STANDARD = "gnu++20";
				CLANG_ENABLE_MODULES = YES;
				CLANG_ENABLE_OBJC_ARC = YES;
				CLANG_ENABLE_OBJC_WEAK = YES;
				CLANG_WARN_BLOCK_CAPTURE_AUTORELEASING = YES;
				CLANG_WARN_BOOL_CONVERSION = YES;
				CLANG_WARN_COMMA = YES;
				CLANG_WARN_CONSTANT_CONVERSION = YES;
				CLANG_WARN_DEPRECATED_OBJC_IMPLEMENTATIONS = YES;
				CLANG_WARN_DIRECT_OBJC_ISA_USAGE = YES_ERROR;
				CLANG_WARN_DOCUMENTATION_COMMENTS = YES;
				CLANG_WARN_EMPTY_BODY = YES;
				CLANG_WARN_ENUM_CONVERSION = YES;
				CLANG_WARN_INFINITE_RECURSION = YES;
				CLANG_WARN_INT_CONVERSION = YES;
				CLANG_WARN_NON_LITERAL_NULL_CONVERSION = YES;
				CLANG_WARN_OBJC_IMPLICIT_RETAIN_SELF = YES;
				CLANG_WARN_OBJC_LITERAL_CONVERSION = YES;
				CLANG_WARN_OBJC_ROOT_CLASS = YES_ERROR;
				CLANG_WARN_QUOTED_INCLUDE_IN_FRAMEWORK_HEADER = YES;
				CLANG_WARN_RANGE_LOOP_ANALYSIS = YES;
				CLANG_WARN_STRICT_PROTOTYPES = YES;
				CLANG_WARN_SUSPICIOUS_MOVE = YES;
				CLANG_WARN_UNGUARDED_AVAILABILITY = YES_AGGRESSIVE;
				CLANG_WARN_UNREACHABLE_CODE = YES;
				CLANG_WARN__DUPLICATE_METHOD_MATCH = YES;
				COPY_PHASE_STRIP = NO;
				DEBUG_INFORMATION_FORMAT = "dwarf-with-dsym";
				ENABLE_NS_ASSERTIONS = NO;
				ENABLE_STRICT_OBJC_MSGSEND = YES;
				ENABLE_USER_SCRIPT_SANDBOXING = YES;
				GCC_C_LANGUAGE_STANDARD = gnu17;
				GCC_NO_COMMON_BLOCKS = YES;
				GCC_WARN_64_TO_32_BIT_CONVERSION = YES;
				GCC_WARN_ABOUT_RETURN_TYPE = YES_ERROR;
				GCC_WARN_UNDECLARED_SELECTOR = YES;
				GCC_WARN_UNINITIALIZED_AUTOS = YES_AGGRESSIVE;
				GCC_WARN_UNUSED_FUNCTION = YES;
				GCC_WARN_UNUSED_VARIABLE = YES;
				IPHONEOS_DEPLOYMENT_TARGET = 17.4;
				LOCALIZATION_PREFERS_STRING_CATALOGS = YES;
				MTL_ENABLE_DEBUG_INFO = NO;
				MTL_FAST_MATH = YES;
				SDKROOT = iphoneos;
				SWIFT_COMPILATION_MODE = wholemodule;
				VALIDATE_PRODUCT = YES;
			};
			name = Release;
		};
		0774CFD82C433C7B00AFE3C9 /* Debug */ = {
			isa = XCBuildConfiguration;
			buildSettings = {
				ASSETCATALOG_COMPILER_APPICON_NAME = AppIcon;
				ASSETCATALOG_COMPILER_GLOBAL_ACCENT_COLOR_NAME = AccentColor;
				CODE_SIGN_STYLE = Automatic;
				CURRENT_PROJECT_VERSION = 1;
				DEVELOPMENT_ASSET_PATHS = "\"Lift Companion/Preview Content\"";
				DEVELOPMENT_TEAM = WTMHWLF8T6;
				ENABLE_PREVIEWS = YES;
				GENERATE_INFOPLIST_FILE = YES;
				INFOPLIST_KEY_UIApplicationSceneManifest_Generation = YES;
				INFOPLIST_KEY_UIApplicationSupportsIndirectInputEvents = YES;
				INFOPLIST_KEY_UILaunchScreen_Generation = YES;
				INFOPLIST_KEY_UISupportedInterfaceOrientations_iPad = "UIInterfaceOrientationPortrait UIInterfaceOrientationPortraitUpsideDown UIInterfaceOrientationLandscapeLeft UIInterfaceOrientationLandscapeRight";
				INFOPLIST_KEY_UISupportedInterfaceOrientations_iPhone = "UIInterfaceOrientationPortrait UIInterfaceOrientationLandscapeLeft UIInterfaceOrientationLandscapeRight";
				LD_RUNPATH_SEARCH_PATHS = (
					"$(inherited)",
					"@executable_path/Frameworks",
				);
				MARKETING_VERSION = 1.0;
				PRODUCT_BUNDLE_IDENTIFIER = "vin.eric.Lift-Companion";
				PRODUCT_NAME = "$(TARGET_NAME)";
				SWIFT_EMIT_LOC_STRINGS = YES;
				SWIFT_VERSION = 5.0;
				TARGETED_DEVICE_FAMILY = "1,2";
			};
			name = Debug;
		};
		0774CFD92C433C7B00AFE3C9 /* Release */ = {
			isa = XCBuildConfiguration;
			buildSettings = {
				ASSETCATALOG_COMPILER_APPICON_NAME = AppIcon;
				ASSETCATALOG_COMPILER_GLOBAL_ACCENT_COLOR_NAME = AccentColor;
				CODE_SIGN_STYLE = Automatic;
				CURRENT_PROJECT_VERSION = 1;
				DEVELOPMENT_ASSET_PATHS = "\"Lift Companion/Preview Content\"";
				DEVELOPMENT_TEAM = WTMHWLF8T6;
				ENABLE_PREVIEWS = YES;
				GENERATE_INFOPLIST_FILE = YES;
				INFOPLIST_KEY_UIApplicationSceneManifest_Generation = YES;
				INFOPLIST_KEY_UIApplicationSupportsIndirectInputEvents = YES;
				INFOPLIST_KEY_UILaunchScreen_Generation = YES;
				INFOPLIST_KEY_UISupportedInterfaceOrientations_iPad = "UIInterfaceOrientationPortrait UIInterfaceOrientationPortraitUpsideDown UIInterfaceOrientationLandscapeLeft UIInterfaceOrientationLandscapeRight";
				INFOPLIST_KEY_UISupportedInterfaceOrientations_iPhone = "UIInterfaceOrientationPortrait UIInterfaceOrientationLandscapeLeft UIInterfaceOrientationLandscapeRight";
				LD_RUNPATH_SEARCH_PATHS = (
					"$(inherited)",
					"@executable_path/Frameworks",
				);
				MARKETING_VERSION = 1.0;
				PRODUCT_BUNDLE_IDENTIFIER = "vin.eric.Lift-Companion";
				PRODUCT_NAME = "$(TARGET_NAME)";
				SWIFT_EMIT_LOC_STRINGS = YES;
				SWIFT_VERSION = 5.0;
				TARGETED_DEVICE_FAMILY = "1,2";
			};
			name = Release;
		};
/* End XCBuildConfiguration section */

/* Begin XCConfigurationList section */
		0774CFC42C433C7A00AFE3C9 /* Build configuration list for PBXProject "Lift Companion" */ = {
			isa = XCConfigurationList;
			buildConfigurations = (
				0774CFD52C433C7B00AFE3C9 /* Debug */,
				0774CFD62C433C7B00AFE3C9 /* Release */,
			);
			defaultConfigurationIsVisible = 0;
			defaultConfigurationName = Release;
		};
		0774CFD72C433C7B00AFE3C9 /* Build configuration list for PBXNativeTarget "Lift Companion" */ = {
			isa = XCConfigurationList;
			buildConfigurations = (
				0774CFD82C433C7B00AFE3C9 /* Debug */,
				0774CFD92C433C7B00AFE3C9 /* Release */,
			);
			defaultConfigurationIsVisible = 0;
			defaultConfigurationName = Release;
		};
/* End XCConfigurationList section */
	};
	rootObject = 0774CFC12C433C7A00AFE3C9 /* Project object */;
}
